
Microsoft Visual Studio Solution File, Format Version 12.00
# Visual Studio Version 17
VisualStudioVersion = 17.0.32014.148
MinimumVisualStudioVersion = 10.0.40219.1
Project("{FAE04EC0-301F-11D3-BF4B-00C04F79EFBC}") = "vEng", "vEng\vEng.csproj", "{D29C1274-B36E-4C3E-B20E-EB94E20327DC}"
EndProject
Global
	GlobalSection(SolutionConfigurationPlatforms) = preSolution
		Debug|Any CPU = Debug|Any CPU
		Release|Any CPU = Release|Any CPU
	EndGlobalSection
	GlobalSection(ProjectConfigurationPlatforms) = postSolution
		{D29C1274-B36E-4C3E-B20E-EB94E20327DC}.Debug|Any CPU.ActiveCfg = Debug|Any CPU
		{D29C1274-B36E-4C3E-B20E-EB94E20327DC}.Debug|Any CPU.Build.0 = Debug|Any CPU
		{D29C1274-B36E-4C3E-B20E-EB94E20327DC}.Release|Any CPU.ActiveCfg = Release|Any CPU
		{D29C1274-B36E-4C3E-B20E-EB94E20327DC}.Release|Any CPU.Build.0 = Release|Any CPU
	EndGlobalSection
	GlobalSection(SolutionProperties) = preSolution
		HideSolutionNode = FALSE
	EndGlobalSection
	GlobalSection(ExtensibilityGlobals) = postSolution
		SolutionGuid = {0F51AB73-59A9-431A-84E5-2CFF074938BE}
	EndGlobalSection
EndGlobal
